
Microsoft Visual Studio Solution File, Format Version 12.00
# Visual Studio Version 17
VisualStudioVersion = 17.3.32811.315
MinimumVisualStudioVersion = 10.0.40219.1
Project("{FAE04EC0-301F-11D3-BF4B-00C04F79EFBC}") = "AtcgCommon", "AtcgCommon\AtcgCommon.csproj", "{CE550222-57AF-44DB-ABDC-959CD14C6AAE}"
EndProject
Global
	GlobalSection(SolutionConfigurationPlatforms) = preSolution
		Debug|Any CPU = Debug|Any CPU
		Debug|Mixed Platforms = Debug|Mixed Platforms
		Debug|x86 = Debug|x86
		Release|Any CPU = Release|Any CPU
		Release|Mixed Platforms = Release|Mixed Platforms
		Release|x86 = Release|x86
	EndGlobalSection
	GlobalSection(ProjectConfigurationPlatforms) = postSolution
		{CE550222-57AF-44DB-ABDC-959CD14C6AAE}.Debug|Any CPU.ActiveCfg = Debug|Any CPU
		{CE550222-57AF-44DB-ABDC-959CD14C6AAE}.Debug|Any CPU.Build.0 = Debug|Any CPU
		{CE550222-57AF-44DB-ABDC-959CD14C6AAE}.Debug|Mixed Platforms.ActiveCfg = Debug|Any CPU
		{CE550222-57AF-44DB-ABDC-959CD14C6AAE}.Debug|Mixed Platforms.Build.0 = Debug|Any CPU
		{CE550222-57AF-44DB-ABDC-959CD14C6AAE}.Debug|x86.ActiveCfg = Debug|Any CPU
		{CE550222-57AF-44DB-ABDC-959CD14C6AAE}.Release|Any CPU.ActiveCfg = Release|Any CPU
		{CE550222-57AF-44DB-ABDC-959CD14C6AAE}.Release|Any CPU.Build.0 = Release|Any CPU
		{CE550222-57AF-44DB-ABDC-959CD14C6AAE}.Release|Mixed Platforms.ActiveCfg = Release|Any CPU
		{CE550222-57AF-44DB-ABDC-959CD14C6AAE}.Release|Mixed Platforms.Build.0 = Release|Any CPU
		{CE550222-57AF-44DB-ABDC-959CD14C6AAE}.Release|x86.ActiveCfg = Release|Any CPU
	EndGlobalSection
	GlobalSection(SolutionProperties) = preSolution
		HideSolutionNode = FALSE
	EndGlobalSection
	GlobalSection(ExtensibilityGlobals) = postSolution
		SolutionGuid = {CFA33B6F-6788-4C86-BEE6-74B76A7ABE87}
	EndGlobalSection
EndGlobal
